
Microsoft Visual Studio Solution File, Format Version 12.00
# Visual Studio Version 17
VisualStudioVersion = 17.2.32519.379
MinimumVisualStudioVersion = 10.0.40219.1
Project("{9A19103F-16F7-4668-BE54-9A1E7A4F7556}") = "Airplane", "Airplane.csproj", "{2D391CF5-6413-4B47-BADC-1A96EBABD881}"
EndProject
Project("{9A19103F-16F7-4668-BE54-9A1E7A4F7556}") = "Airplane.Models", "Airplane.Models\Airplane.Models.csproj", "{136EB60C-6BA1-4E35-8B02-FBFAF8A70F94}"
EndProject
Project("{9A19103F-16F7-4668-BE54-9A1E7A4F7556}") = "Airplane.Services", "Airplane.Services\Airplane.Services.csproj", "{0DB02B9A-02BE-4FDB-BCAC-A3D0BAA6FAE6}"
EndProject
Global
	GlobalSection(SolutionConfigurationPlatforms) = preSolution
		Debug|Any CPU = Debug|Any CPU
		Release|Any CPU = Release|Any CPU
	EndGlobalSection
	GlobalSection(ProjectConfigurationPlatforms) = postSolution
		{2D391CF5-6413-4B47-BADC-1A96EBABD881}.Debug|Any CPU.ActiveCfg = Debug|Any CPU
		{2D391CF5-6413-4B47-BADC-1A96EBABD881}.Debug|Any CPU.Build.0 = Debug|Any CPU
		{2D391CF5-6413-4B47-BADC-1A96EBABD881}.Release|Any CPU.ActiveCfg = Release|Any CPU
		{2D391CF5-6413-4B47-BADC-1A96EBABD881}.Release|Any CPU.Build.0 = Release|Any CPU
		{136EB60C-6BA1-4E35-8B02-FBFAF8A70F94}.Debug|Any CPU.ActiveCfg = Debug|Any CPU
		{136EB60C-6BA1-4E35-8B02-FBFAF8A70F94}.Debug|Any CPU.Build.0 = Debug|Any CPU
		{136EB60C-6BA1-4E35-8B02-FBFAF8A70F94}.Release|Any CPU.ActiveCfg = Release|Any CPU
		{136EB60C-6BA1-4E35-8B02-FBFAF8A70F94}.Release|Any CPU.Build.0 = Release|Any CPU
		{0DB02B9A-02BE-4FDB-BCAC-A3D0BAA6FAE6}.Debug|Any CPU.ActiveCfg = Debug|Any CPU
		{0DB02B9A-02BE-4FDB-BCAC-A3D0BAA6FAE6}.Debug|Any CPU.Build.0 = Debug|Any CPU
		{0DB02B9A-02BE-4FDB-BCAC-A3D0BAA6FAE6}.Release|Any CPU.ActiveCfg = Release|Any CPU
		{0DB02B9A-02BE-4FDB-BCAC-A3D0BAA6FAE6}.Release|Any CPU.Build.0 = Release|Any CPU
	EndGlobalSection
	GlobalSection(SolutionProperties) = preSolution
		HideSolutionNode = FALSE
	EndGlobalSection
	GlobalSection(ExtensibilityGlobals) = postSolution
		SolutionGuid = {85FF64CA-CD07-40B1-A633-3EE8CD5088E9}
	EndGlobalSection
EndGlobal
